
Microsoft Visual Studio Solution File, Format Version 12.00
# Visual Studio Version 16
VisualStudioVersion = 16.0.29709.97
MinimumVisualStudioVersion = 10.0.40219.1
Project("{FAE04EC0-301F-11D3-BF4B-00C04F79EFBC}") = "GeometricLibrary", "GeometricLibrary\GeometricLibrary.csproj", "{AFEEEE60-8818-4582-8E70-622C56095993}"
EndProject
Project("{FAE04EC0-301F-11D3-BF4B-00C04F79EFBC}") = "Euclide", "Euclide\Euclide.csproj", "{A50D22B4-B47B-4398-B54E-798D6FE9B411}"
EndProject
Project("{FAE04EC0-301F-11D3-BF4B-00C04F79EFBC}") = "EuclideUnitTests", "EuclideUnitTests\EuclideUnitTests.csproj", "{CA654385-0E06-4C46-9313-2363C12C119E}"
EndProject
Project("{FAE04EC0-301F-11D3-BF4B-00C04F79EFBC}") = "Drawing", "Drawing\Drawing.csproj", "{4C55B080-DBAA-40D8-8AE9-F99C85521B99}"
EndProject
Global
	GlobalSection(SolutionConfigurationPlatforms) = preSolution
		Debug|Any CPU = Debug|Any CPU
		Release|Any CPU = Release|Any CPU
	EndGlobalSection
	GlobalSection(ProjectConfigurationPlatforms) = postSolution
		{AFEEEE60-8818-4582-8E70-622C56095993}.Debug|Any CPU.ActiveCfg = Debug|Any CPU
		{AFEEEE60-8818-4582-8E70-622C56095993}.Debug|Any CPU.Build.0 = Debug|Any CPU
		{AFEEEE60-8818-4582-8E70-622C56095993}.Release|Any CPU.ActiveCfg = Release|Any CPU
		{AFEEEE60-8818-4582-8E70-622C56095993}.Release|Any CPU.Build.0 = Release|Any CPU
		{A50D22B4-B47B-4398-B54E-798D6FE9B411}.Debug|Any CPU.ActiveCfg = Debug|Any CPU
		{A50D22B4-B47B-4398-B54E-798D6FE9B411}.Debug|Any CPU.Build.0 = Debug|Any CPU
		{A50D22B4-B47B-4398-B54E-798D6FE9B411}.Release|Any CPU.ActiveCfg = Release|Any CPU
		{A50D22B4-B47B-4398-B54E-798D6FE9B411}.Release|Any CPU.Build.0 = Release|Any CPU
		{CA654385-0E06-4C46-9313-2363C12C119E}.Debug|Any CPU.ActiveCfg = Debug|Any CPU
		{CA654385-0E06-4C46-9313-2363C12C119E}.Debug|Any CPU.Build.0 = Debug|Any CPU
		{CA654385-0E06-4C46-9313-2363C12C119E}.Release|Any CPU.ActiveCfg = Release|Any CPU
		{CA654385-0E06-4C46-9313-2363C12C119E}.Release|Any CPU.Build.0 = Release|Any CPU
		{4C55B080-DBAA-40D8-8AE9-F99C85521B99}.Debug|Any CPU.ActiveCfg = Debug|Any CPU
		{4C55B080-DBAA-40D8-8AE9-F99C85521B99}.Debug|Any CPU.Build.0 = Debug|Any CPU
		{4C55B080-DBAA-40D8-8AE9-F99C85521B99}.Release|Any CPU.ActiveCfg = Release|Any CPU
		{4C55B080-DBAA-40D8-8AE9-F99C85521B99}.Release|Any CPU.Build.0 = Release|Any CPU
	EndGlobalSection
	GlobalSection(SolutionProperties) = preSolution
		HideSolutionNode = FALSE
	EndGlobalSection
	GlobalSection(ExtensibilityGlobals) = postSolution
		SolutionGuid = {FF3ED280-6CC1-4C76-BF0C-3F193DC09452}
	EndGlobalSection
EndGlobal
