
Microsoft Visual Studio Solution File, Format Version 12.00
# Visual Studio Version 16
VisualStudioVersion = 16.0.29709.97
MinimumVisualStudioVersion = 10.0.40219.1
Project("{FAE04EC0-301F-11D3-BF4B-00C04F79EFBC}") = "Serialization", "Serialization\Serialization.csproj", "{CDFD1CEE-A3F7-4FE5-8E16-84BAD5D4FCF4}"
EndProject
Global
	GlobalSection(SolutionConfigurationPlatforms) = preSolution
		Debug|Any CPU = Debug|Any CPU
		Release|Any CPU = Release|Any CPU
	EndGlobalSection
	GlobalSection(ProjectConfigurationPlatforms) = postSolution
		{CDFD1CEE-A3F7-4FE5-8E16-84BAD5D4FCF4}.Debug|Any CPU.ActiveCfg = Debug|Any CPU
		{CDFD1CEE-A3F7-4FE5-8E16-84BAD5D4FCF4}.Debug|Any CPU.Build.0 = Debug|Any CPU
		{CDFD1CEE-A3F7-4FE5-8E16-84BAD5D4FCF4}.Release|Any CPU.ActiveCfg = Release|Any CPU
		{CDFD1CEE-A3F7-4FE5-8E16-84BAD5D4FCF4}.Release|Any CPU.Build.0 = Release|Any CPU
	EndGlobalSection
	GlobalSection(SolutionProperties) = preSolution
		HideSolutionNode = FALSE
	EndGlobalSection
	GlobalSection(ExtensibilityGlobals) = postSolution
		SolutionGuid = {C145411F-6F93-45B2-B5A3-69CC676C4E18}
	EndGlobalSection
EndGlobal
