
Microsoft Visual Studio Solution File, Format Version 12.00
# Visual Studio Version 16
VisualStudioVersion = 16.0.29709.97
MinimumVisualStudioVersion = 10.0.40219.1
Project("{FAE04EC0-301F-11D3-BF4B-00C04F79EFBC}") = "FractionLib", "FractionLib\FractionLib.csproj", "{3FAE13B3-6428-49F5-9EAB-5D3A7FA115D0}"
EndProject
Project("{FAE04EC0-301F-11D3-BF4B-00C04F79EFBC}") = "FractionUnitTests", "FractionUnitTests\FractionUnitTests.csproj", "{D6405F7B-ADA2-47AB-A873-65C425DF4D1C}"
EndProject
Global
	GlobalSection(SolutionConfigurationPlatforms) = preSolution
		Debug|Any CPU = Debug|Any CPU
		Release|Any CPU = Release|Any CPU
	EndGlobalSection
	GlobalSection(ProjectConfigurationPlatforms) = postSolution
		{3FAE13B3-6428-49F5-9EAB-5D3A7FA115D0}.Debug|Any CPU.ActiveCfg = Debug|Any CPU
		{3FAE13B3-6428-49F5-9EAB-5D3A7FA115D0}.Debug|Any CPU.Build.0 = Debug|Any CPU
		{3FAE13B3-6428-49F5-9EAB-5D3A7FA115D0}.Release|Any CPU.ActiveCfg = Release|Any CPU
		{3FAE13B3-6428-49F5-9EAB-5D3A7FA115D0}.Release|Any CPU.Build.0 = Release|Any CPU
		{D6405F7B-ADA2-47AB-A873-65C425DF4D1C}.Debug|Any CPU.ActiveCfg = Debug|Any CPU
		{D6405F7B-ADA2-47AB-A873-65C425DF4D1C}.Debug|Any CPU.Build.0 = Debug|Any CPU
		{D6405F7B-ADA2-47AB-A873-65C425DF4D1C}.Release|Any CPU.ActiveCfg = Release|Any CPU
		{D6405F7B-ADA2-47AB-A873-65C425DF4D1C}.Release|Any CPU.Build.0 = Release|Any CPU
	EndGlobalSection
	GlobalSection(SolutionProperties) = preSolution
		HideSolutionNode = FALSE
	EndGlobalSection
	GlobalSection(ExtensibilityGlobals) = postSolution
		SolutionGuid = {D6820267-C4B9-4E04-8A41-B94452050632}
	EndGlobalSection
EndGlobal
