
Microsoft Visual Studio Solution File, Format Version 12.00
# Visual Studio Version 16
VisualStudioVersion = 16.0.29709.97
MinimumVisualStudioVersion = 10.0.40219.1
Project("{FAE04EC0-301F-11D3-BF4B-00C04F79EFBC}") = "MDIForms", "MDIForms\MDIForms.csproj", "{5BE3BA4A-03C5-4490-9116-355EAEC83921}"
EndProject
Global
	GlobalSection(SolutionConfigurationPlatforms) = preSolution
		Debug|Any CPU = Debug|Any CPU
		Release|Any CPU = Release|Any CPU
	EndGlobalSection
	GlobalSection(ProjectConfigurationPlatforms) = postSolution
		{5BE3BA4A-03C5-4490-9116-355EAEC83921}.Debug|Any CPU.ActiveCfg = Debug|Any CPU
		{5BE3BA4A-03C5-4490-9116-355EAEC83921}.Debug|Any CPU.Build.0 = Debug|Any CPU
		{5BE3BA4A-03C5-4490-9116-355EAEC83921}.Release|Any CPU.ActiveCfg = Release|Any CPU
		{5BE3BA4A-03C5-4490-9116-355EAEC83921}.Release|Any CPU.Build.0 = Release|Any CPU
	EndGlobalSection
	GlobalSection(SolutionProperties) = preSolution
		HideSolutionNode = FALSE
	EndGlobalSection
	GlobalSection(ExtensibilityGlobals) = postSolution
		SolutionGuid = {DBB55338-860E-402B-898E-A82F3BC7B726}
	EndGlobalSection
EndGlobal
