
Microsoft Visual Studio Solution File, Format Version 12.00
# Visual Studio 15
VisualStudioVersion = 15.0.28010.2016
MinimumVisualStudioVersion = 10.0.40219.1
Project("{FAE04EC0-301F-11D3-BF4B-00C04F79EFBC}") = "Users", "Users\Users.csproj", "{C15EC0A8-308D-412C-95AA-DC7F01FF7C43}"
EndProject
Global
	GlobalSection(SolutionConfigurationPlatforms) = preSolution
		Debug|Any CPU = Debug|Any CPU
		Release|Any CPU = Release|Any CPU
	EndGlobalSection
	GlobalSection(ProjectConfigurationPlatforms) = postSolution
		{C15EC0A8-308D-412C-95AA-DC7F01FF7C43}.Debug|Any CPU.ActiveCfg = Debug|Any CPU
		{C15EC0A8-308D-412C-95AA-DC7F01FF7C43}.Debug|Any CPU.Build.0 = Debug|Any CPU
		{C15EC0A8-308D-412C-95AA-DC7F01FF7C43}.Release|Any CPU.ActiveCfg = Release|Any CPU
		{C15EC0A8-308D-412C-95AA-DC7F01FF7C43}.Release|Any CPU.Build.0 = Release|Any CPU
	EndGlobalSection
	GlobalSection(SolutionProperties) = preSolution
		HideSolutionNode = FALSE
	EndGlobalSection
	GlobalSection(ExtensibilityGlobals) = postSolution
		SolutionGuid = {83A5F7FE-C8E2-43ED-9A46-8CE913C053A2}
	EndGlobalSection
EndGlobal
