
Microsoft Visual Studio Solution File, Format Version 12.00
# Visual Studio Version 16
VisualStudioVersion = 16.0.29709.97
MinimumVisualStudioVersion = 10.0.40219.1
Project("{FAE04EC0-301F-11D3-BF4B-00C04F79EFBC}") = "StructInMem", "StructInMem\StructInMem.csproj", "{AF6B68B7-0749-4178-AAAE-56A12FCF1C3E}"
EndProject
Global
	GlobalSection(SolutionConfigurationPlatforms) = preSolution
		Debug|Any CPU = Debug|Any CPU
		Release|Any CPU = Release|Any CPU
	EndGlobalSection
	GlobalSection(ProjectConfigurationPlatforms) = postSolution
		{AF6B68B7-0749-4178-AAAE-56A12FCF1C3E}.Debug|Any CPU.ActiveCfg = Debug|Any CPU
		{AF6B68B7-0749-4178-AAAE-56A12FCF1C3E}.Debug|Any CPU.Build.0 = Debug|Any CPU
		{AF6B68B7-0749-4178-AAAE-56A12FCF1C3E}.Release|Any CPU.ActiveCfg = Release|Any CPU
		{AF6B68B7-0749-4178-AAAE-56A12FCF1C3E}.Release|Any CPU.Build.0 = Release|Any CPU
	EndGlobalSection
	GlobalSection(SolutionProperties) = preSolution
		HideSolutionNode = FALSE
	EndGlobalSection
	GlobalSection(ExtensibilityGlobals) = postSolution
		SolutionGuid = {574B0AEA-9D96-4FD0-89D0-ED56BE2527DC}
	EndGlobalSection
EndGlobal
